
Microsoft Visual Studio Solution File, Format Version 12.00
# Visual Studio Version 17
VisualStudioVersion = 17.7.34018.315
MinimumVisualStudioVersion = 10.0.40219.1
Project("{FAE04EC0-301F-11D3-BF4B-00C04F79EFBC}") = "SocialMedia.RestApi", "SocialMedia.RestApi\SocialMedia.RestApi.csproj", "{C1EE8D35-648E-45D4-8830-6834E33D52EF}"
EndProject
Global
	GlobalSection(SolutionConfigurationPlatforms) = preSolution
		Debug|Any CPU = Debug|Any CPU
		Release|Any CPU = Release|Any CPU
	EndGlobalSection
	GlobalSection(ProjectConfigurationPlatforms) = postSolution
		{C1EE8D35-648E-45D4-8830-6834E33D52EF}.Debug|Any CPU.ActiveCfg = Debug|Any CPU
		{C1EE8D35-648E-45D4-8830-6834E33D52EF}.Debug|Any CPU.Build.0 = Debug|Any CPU
		{C1EE8D35-648E-45D4-8830-6834E33D52EF}.Release|Any CPU.ActiveCfg = Release|Any CPU
		{C1EE8D35-648E-45D4-8830-6834E33D52EF}.Release|Any CPU.Build.0 = Release|Any CPU
	EndGlobalSection
	GlobalSection(SolutionProperties) = preSolution
		HideSolutionNode = FALSE
	EndGlobalSection
	GlobalSection(ExtensibilityGlobals) = postSolution
		SolutionGuid = {FC38EAE8-B928-425D-82F0-10CD200EE7B5}
	EndGlobalSection
EndGlobal
